// !$*UTF8*$!
{
	archiveVersion = 1;
	classes = {
	};
	objectVersion = 46;
	objects = {

/* Begin PBXBuildFile section */
		D625522519C65C0C002E3CA1 /* Foundation.framework in Frameworks */ = {isa = PBXBuildFile; fileRef = D625522419C65C0C002E3CA1 /* Foundation.framework */; };
		D625522719C65C0C002E3CA1 /* CoreGraphics.framework in Frameworks */ = {isa = PBXBuildFile; fileRef = D625522619C65C0C002E3CA1 /* CoreGraphics.framework */; };
		D625522919C65C0C002E3CA1 /* UIKit.framework in Frameworks */ = {isa = PBXBuildFile; fileRef = D625522819C65C0C002E3CA1 /* UIKit.framework */; };
		D625522F19C65C0C002E3CA1 /* InfoPlist.strings in Resources */ = {isa = PBXBuildFile; fileRef = D625522D19C65C0C002E3CA1 /* InfoPlist.strings */; };
		D625523119C65C0C002E3CA1 /* main.m in Sources */ = {isa = PBXBuildFile; fileRef = D625523019C65C0C002E3CA1 /* main.m */; };
		D625523519C65C0C002E3CA1 /* BNRAppDelegate.m in Sources */ = {isa = PBXBuildFile; fileRef = D625523419C65C0C002E3CA1 /* BNRAppDelegate.m */; };
		D625523719C65C0C002E3CA1 /* Images.xcassets in Resources */ = {isa = PBXBuildFile; fileRef = D625523619C65C0C002E3CA1 /* Images.xcassets */; };
		D625523E19C65C0C002E3CA1 /* XCTest.framework in Frameworks */ = {isa = PBXBuildFile; fileRef = D625523D19C65C0C002E3CA1 /* XCTest.framework */; };
		D625523F19C65C0C002E3CA1 /* Foundation.framework in Frameworks */ = {isa = PBXBuildFile; fileRef = D625522419C65C0C002E3CA1 /* Foundation.framework */; };
		D625524019C65C0C002E3CA1 /* UIKit.framework in Frameworks */ = {isa = PBXBuildFile; fileRef = D625522819C65C0C002E3CA1 /* UIKit.framework */; };
		D625524819C65C0C002E3CA1 /* InfoPlist.strings in Resources */ = {isa = PBXBuildFile; fileRef = D625524619C65C0C002E3CA1 /* InfoPlist.strings */; };
		D625524A19C65C0C002E3CA1 /* HypnosisterTests.m in Sources */ = {isa = PBXBuildFile; fileRef = D625524919C65C0C002E3CA1 /* HypnosisterTests.m */; };
		D625525519C65C7B002E3CA1 /* BNRHypnosisView.m in Sources */ = {isa = PBXBuildFile; fileRef = D625525419C65C7B002E3CA1 /* BNRHypnosisView.m */; };
		D6F702BE19C7912A002FEFC1 /* clan_hall_badge.gif in Resources */ = {isa = PBXBuildFile; fileRef = D6F702BD19C7912A002FEFC1 /* clan_hall_badge.gif */; };
		D6F702C119C79E4C002FEFC1 /* BNRImage.m in Sources */ = {isa = PBXBuildFile; fileRef = D6F702C019C79E4C002FEFC1 /* BNRImage.m */; };
/* End PBXBuildFile section */

/* Begin PBXContainerItemProxy section */
		D625524119C65C0C002E3CA1 /* PBXContainerItemProxy */ = {
			isa = PBXContainerItemProxy;
			containerPortal = D625521919C65C0C002E3CA1 /* Project object */;
			proxyType = 1;
			remoteGlobalIDString = D625522019C65C0C002E3CA1;
			remoteInfo = Hypnosister;
		};
/* End PBXContainerItemProxy section */

/* Begin PBXFileReference section */
		D625522119C65C0C002E3CA1 /* Hypnosister.app */ = {isa = PBXFileReference; explicitFileType = wrapper.application; includeInIndex = 0; path = Hypnosister.app; sourceTree = BUILT_PRODUCTS_DIR; };
		D625522419C65C0C002E3CA1 /* Foundation.framework */ = {isa = PBXFileReference; lastKnownFileType = wrapper.framework; name = Foundation.framework; path = System/Library/Frameworks/Foundation.framework; sourceTree = SDKROOT; };
		D625522619C65C0C002E3CA1 /* CoreGraphics.framework */ = {isa = PBXFileReference; lastKnownFileType = wrapper.framework; name = CoreGraphics.framework; path = System/Library/Frameworks/CoreGraphics.framework; sourceTree = SDKROOT; };
		D625522819C65C0C002E3CA1 /* UIKit.framework */ = {isa = PBXFileReference; lastKnownFileType = wrapper.framework; name = UIKit.framework; path = System/Library/Frameworks/UIKit.framework; sourceTree = SDKROOT; };
		D625522C19C65C0C002E3CA1 /* Hypnosister-Info.plist */ = {isa = PBXFileReference; lastKnownFileType = text.plist.xml; path = "Hypnosister-Info.plist"; sourceTree = "<group>"; };
		D625522E19C65C0C002E3CA1 /* en */ = {isa = PBXFileReference; lastKnownFileType = text.plist.strings; name = en; path = en.lproj/InfoPlist.strings; sourceTree = "<group>"; };
		D625523019C65C0C002E3CA1 /* main.m */ = {isa = PBXFileReference; lastKnownFileType = sourcecode.c.objc; path = main.m; sourceTree = "<group>"; };
		D625523219C65C0C002E3CA1 /* Hypnosister-Prefix.pch */ = {isa = PBXFileReference; lastKnownFileType = sourcecode.c.h; path = "Hypnosister-Prefix.pch"; sourceTree = "<group>"; };
		D625523319C65C0C002E3CA1 /* BNRAppDelegate.h */ = {isa = PBXFileReference; lastKnownFileType = sourcecode.c.h; path = BNRAppDelegate.h; sourceTree = "<group>"; };
		D625523419C65C0C002E3CA1 /* BNRAppDelegate.m */ = {isa = PBXFileReference; lastKnownFileType = sourcecode.c.objc; path = BNRAppDelegate.m; sourceTree = "<group>"; };
		D625523619C65C0C002E3CA1 /* Images.xcassets */ = {isa = PBXFileReference; lastKnownFileType = folder.assetcatalog; path = Images.xcassets; sourceTree = "<group>"; };
		D625523C19C65C0C002E3CA1 /* HypnosisterTests.xctest */ = {isa = PBXFileReference; explicitFileType = wrapper.cfbundle; includeInIndex = 0; path = HypnosisterTests.xctest; sourceTree = BUILT_PRODUCTS_DIR; };
		D625523D19C65C0C002E3CA1 /* XCTest.framework */ = {isa = PBXFileReference; lastKnownFileType = wrapper.framework; name = XCTest.framework; path = Library/Frameworks/XCTest.framework; sourceTree = DEVELOPER_DIR; };
		D625524519C65C0C002E3CA1 /* HypnosisterTests-Info.plist */ = {isa = PBXFileReference; lastKnownFileType = text.plist.xml; path = "HypnosisterTests-Info.plist"; sourceTree = "<group>"; };
		D625524719C65C0C002E3CA1 /* en */ = {isa = PBXFileReference; lastKnownFileType = text.plist.strings; name = en; path = en.lproj/InfoPlist.strings; sourceTree = "<group>"; };
		D625524919C65C0C002E3CA1 /* HypnosisterTests.m */ = {isa = PBXFileReference; lastKnownFileType = sourcecode.c.objc; path = HypnosisterTests.m; sourceTree = "<group>"; };
		D625525319C65C7B002E3CA1 /* BNRHypnosisView.h */ = {isa = PBXFileReference; fileEncoding = 4; lastKnownFileType = sourcecode.c.h; path = BNRHypnosisView.h; sourceTree = "<group>"; };
		D625525419C65C7B002E3CA1 /* BNRHypnosisView.m */ = {isa = PBXFileReference; fileEncoding = 4; lastKnownFileType = sourcecode.c.objc; path = BNRHypnosisView.m; sourceTree = "<group>"; };
		D6F702BD19C7912A002FEFC1 /* clan_hall_badge.gif */ = {isa = PBXFileReference; lastKnownFileType = image.gif; name = clan_hall_badge.gif; path = Hypnosister/clan_hall_badge.gif; sourceTree = "<group>"; };
		D6F702BF19C79E4C002FEFC1 /* BNRImage.h */ = {isa = PBXFileReference; fileEncoding = 4; lastKnownFileType = sourcecode.c.h; path = BNRImage.h; sourceTree = "<group>"; };
		D6F702C019C79E4C002FEFC1 /* BNRImage.m */ = {isa = PBXFileReference; fileEncoding = 4; lastKnownFileType = sourcecode.c.objc; path = BNRImage.m; sourceTree = "<group>"; };
/* End PBXFileReference section */

/* Begin PBXFrameworksBuildPhase section */
		D625521E19C65C0C002E3CA1 /* Frameworks */ = {
			isa = PBXFrameworksBuildPhase;
			buildActionMask = 2147483647;
			files = (
				D625522719C65C0C002E3CA1 /* CoreGraphics.framework in Frameworks */,
				D625522919C65C0C002E3CA1 /* UIKit.framework in Frameworks */,
				D625522519C65C0C002E3CA1 /* Foundation.framework in Frameworks */,
			);
			runOnlyForDeploymentPostprocessing = 0;
		};
		D625523919C65C0C002E3CA1 /* Frameworks */ = {
			isa = PBXFrameworksBuildPhase;
			buildActionMask = 2147483647;
			files = (
				D625523E19C65C0C002E3CA1 /* XCTest.framework in Frameworks */,
				D625524019C65C0C002E3CA1 /* UIKit.framework in Frameworks */,
				D625523F19C65C0C002E3CA1 /* Foundation.framework in Frameworks */,
			);
			runOnlyForDeploymentPostprocessing = 0;
		};
/* End PBXFrameworksBuildPhase section */

/* Begin PBXGroup section */
		D625521819C65C0C002E3CA1 = {
			isa = PBXGroup;
			children = (
				D625525319C65C7B002E3CA1 /* BNRHypnosisView.h */,
				D6F702BD19C7912A002FEFC1 /* clan_hall_badge.gif */,
				D625525419C65C7B002E3CA1 /* BNRHypnosisView.m */,
				D6F702BF19C79E4C002FEFC1 /* BNRImage.h */,
				D6F702C019C79E4C002FEFC1 /* BNRImage.m */,
				D625522A19C65C0C002E3CA1 /* Hypnosister */,
				D625524319C65C0C002E3CA1 /* HypnosisterTests */,
				D625522319C65C0C002E3CA1 /* Frameworks */,
				D625522219C65C0C002E3CA1 /* Products */,
			);
			sourceTree = "<group>";
		};
		D625522219C65C0C002E3CA1 /* Products */ = {
			isa = PBXGroup;
			children = (
				D625522119C65C0C002E3CA1 /* Hypnosister.app */,
				D625523C19C65C0C002E3CA1 /* HypnosisterTests.xctest */,
			);
			name = Products;
			sourceTree = "<group>";
		};
		D625522319C65C0C002E3CA1 /* Frameworks */ = {
			isa = PBXGroup;
			children = (
				D625522419C65C0C002E3CA1 /* Foundation.framework */,
				D625522619C65C0C002E3CA1 /* CoreGraphics.framework */,
				D625522819C65C0C002E3CA1 /* UIKit.framework */,
				D625523D19C65C0C002E3CA1 /* XCTest.framework */,
			);
			name = Frameworks;
			sourceTree = "<group>";
		};
		D625522A19C65C0C002E3CA1 /* Hypnosister */ = {
			isa = PBXGroup;
			children = (
				D625523319C65C0C002E3CA1 /* BNRAppDelegate.h */,
				D625523419C65C0C002E3CA1 /* BNRAppDelegate.m */,
				D625523619C65C0C002E3CA1 /* Images.xcassets */,
				D625522B19C65C0C002E3CA1 /* Supporting Files */,
			);
			path = Hypnosister;
			sourceTree = "<group>";
		};
		D625522B19C65C0C002E3CA1 /* Supporting Files */ = {
			isa = PBXGroup;
			children = (
				D625522C19C65C0C002E3CA1 /* Hypnosister-Info.plist */,
				D625522D19C65C0C002E3CA1 /* InfoPlist.strings */,
				D625523019C65C0C002E3CA1 /* main.m */,
				D625523219C65C0C002E3CA1 /* Hypnosister-Prefix.pch */,
			);
			name = "Supporting Files";
			sourceTree = "<group>";
		};
		D625524319C65C0C002E3CA1 /* HypnosisterTests */ = {
			isa = PBXGroup;
			children = (
				D625524919C65C0C002E3CA1 /* HypnosisterTests.m */,
				D625524419C65C0C002E3CA1 /* Supporting Files */,
			);
			path = HypnosisterTests;
			sourceTree = "<group>";
		};
		D625524419C65C0C002E3CA1 /* Supporting Files */ = {
			isa = PBXGroup;
			children = (
				D625524519C65C0C002E3CA1 /* HypnosisterTests-Info.plist */,
				D625524619C65C0C002E3CA1 /* InfoPlist.strings */,
			);
			name = "Supporting Files";
			sourceTree = "<group>";
		};
/* End PBXGroup section */

/* Begin PBXNativeTarget section */
		D625522019C65C0C002E3CA1 /* Hypnosister */ = {
			isa = PBXNativeTarget;
			buildConfigurationList = D625524D19C65C0C002E3CA1 /* Build configuration list for PBXNativeTarget "Hypnosister" */;
			buildPhases = (
				D625521D19C65C0C002E3CA1 /* Sources */,
				D625521E19C65C0C002E3CA1 /* Frameworks */,
				D625521F19C65C0C002E3CA1 /* Resources */,
			);
			buildRules = (
			);
			dependencies = (
			);
			name = Hypnosister;
			productName = Hypnosister;
			productReference = D625522119C65C0C002E3CA1 /* Hypnosister.app */;
			productType = "com.apple.product-type.application";
		};
		D625523B19C65C0C002E3CA1 /* HypnosisterTests */ = {
			isa = PBXNativeTarget;
			buildConfigurationList = D625525019C65C0C002E3CA1 /* Build configuration list for PBXNativeTarget "HypnosisterTests" */;
			buildPhases = (
				D625523819C65C0C002E3CA1 /* Sources */,
				D625523919C65C0C002E3CA1 /* Frameworks */,
				D625523A19C65C0C002E3CA1 /* Resources */,
			);
			buildRules = (
			);
			dependencies = (
				D625524219C65C0C002E3CA1 /* PBXTargetDependency */,
			);
			name = HypnosisterTests;
			productName = HypnosisterTests;
			productReference = D625523C19C65C0C002E3CA1 /* HypnosisterTests.xctest */;
			productType = "com.apple.product-type.bundle.unit-test";
		};
/* End PBXNativeTarget section */

/* Begin PBXProject section */
		D625521919C65C0C002E3CA1 /* Project object */ = {
			isa = PBXProject;
			attributes = {
				CLASSPREFIX = BNR;
				LastUpgradeCheck = 0510;
				ORGANIZATIONNAME = "Dana Hall";
				TargetAttributes = {
					D625523B19C65C0C002E3CA1 = {
						TestTargetID = D625522019C65C0C002E3CA1;
					};
				};
			};
			buildConfigurationList = D625521C19C65C0C002E3CA1 /* Build configuration list for PBXProject "Hypnosister" */;
			compatibilityVersion = "Xcode 3.2";
			developmentRegion = English;
			hasScannedForEncodings = 0;
			knownRegions = (
				en,
			);
			mainGroup = D625521819C65C0C002E3CA1;
			productRefGroup = D625522219C65C0C002E3CA1 /* Products */;
			projectDirPath = "";
			projectRoot = "";
			targets = (
				D625522019C65C0C002E3CA1 /* Hypnosister */,
				D625523B19C65C0C002E3CA1 /* HypnosisterTests */,
			);
		};
/* End PBXProject section */

/* Begin PBXResourcesBuildPhase section */
		D625521F19C65C0C002E3CA1 /* Resources */ = {
			isa = PBXResourcesBuildPhase;
			buildActionMask = 2147483647;
			files = (
				D625522F19C65C0C002E3CA1 /* InfoPlist.strings in Resources */,
				D625523719C65C0C002E3CA1 /* Images.xcassets in Resources */,
				D6F702BE19C7912A002FEFC1 /* clan_hall_badge.gif in Resources */,
			);
			runOnlyForDeploymentPostprocessing = 0;
		};
		D625523A19C65C0C002E3CA1 /* Resources */ = {
			isa = PBXResourcesBuildPhase;
			buildActionMask = 2147483647;
			files = (
				D625524819C65C0C002E3CA1 /* InfoPlist.strings in Resources */,
			);
			runOnlyForDeploymentPostprocessing = 0;
		};
/* End PBXResourcesBuildPhase section */

/* Begin PBXSourcesBuildPhase section */
		D625521D19C65C0C002E3CA1 /* Sources */ = {
			isa = PBXSourcesBuildPhase;
			buildActionMask = 2147483647;
			files = (
				D625523119C65C0C002E3CA1 /* main.m in Sources */,
				D625523519C65C0C002E3CA1 /* BNRAppDelegate.m in Sources */,
				D6F702C119C79E4C002FEFC1 /* BNRImage.m in Sources */,
				D625525519C65C7B002E3CA1 /* BNRHypnosisView.m in Sources */,
			);
			runOnlyForDeploymentPostprocessing = 0;
		};
		D625523819C65C0C002E3CA1 /* Sources */ = {
			isa = PBXSourcesBuildPhase;
			buildActionMask = 2147483647;
			files = (
				D625524A19C65C0C002E3CA1 /* HypnosisterTests.m in Sources */,
			);
			runOnlyForDeploymentPostprocessing = 0;
		};
/* End PBXSourcesBuildPhase section */

/* Begin PBXTargetDependency section */
		D625524219C65C0C002E3CA1 /* PBXTargetDependency */ = {
			isa = PBXTargetDependency;
			target = D625522019C65C0C002E3CA1 /* Hypnosister */;
			targetProxy = D625524119C65C0C002E3CA1 /* PBXContainerItemProxy */;
		};
/* End PBXTargetDependency section */

/* Begin PBXVariantGroup section */
		D625522D19C65C0C002E3CA1 /* InfoPlist.strings */ = {
			isa = PBXVariantGroup;
			children = (
				D625522E19C65C0C002E3CA1 /* en */,
			);
			name = InfoPlist.strings;
			sourceTree = "<group>";
		};
		D625524619C65C0C002E3CA1 /* InfoPlist.strings */ = {
			isa = PBXVariantGroup;
			children = (
				D625524719C65C0C002E3CA1 /* en */,
			);
			name = InfoPlist.strings;
			sourceTree = "<group>";
		};
/* End PBXVariantGroup section */

/* Begin XCBuildConfiguration section */
		D625524B19C65C0C002E3CA1 /* Debug */ = {
			isa = XCBuildConfiguration;
			buildSettings = {
				ALWAYS_SEARCH_USER_PATHS = NO;
				CLANG_CXX_LANGUAGE_STANDARD = "gnu++0x";
				CLANG_CXX_LIBRARY = "libc++";
				CLANG_ENABLE_MODULES = YES;
				CLANG_ENABLE_OBJC_ARC = YES;
				CLANG_WARN_BOOL_CONVERSION = YES;
				CLANG_WARN_CONSTANT_CONVERSION = YES;
				CLANG_WARN_DIRECT_OBJC_ISA_USAGE = YES_ERROR;
				CLANG_WARN_EMPTY_BODY = YES;
				CLANG_WARN_ENUM_CONVERSION = YES;
				CLANG_WARN_INT_CONVERSION = YES;
				CLANG_WARN_OBJC_ROOT_CLASS = YES_ERROR;
				CLANG_WARN__DUPLICATE_METHOD_MATCH = YES;
				"CODE_SIGN_IDENTITY[sdk=iphoneos*]" = "iPhone Developer";
				COPY_PHASE_STRIP = NO;
				GCC_C_LANGUAGE_STANDARD = gnu99;
				GCC_DYNAMIC_NO_PIC = NO;
				GCC_OPTIMIZATION_LEVEL = 0;
				GCC_PREPROCESSOR_DEFINITIONS = (
					"DEBUG=1",
					"$(inherited)",
				);
				GCC_SYMBOLS_PRIVATE_EXTERN = NO;
				GCC_WARN_64_TO_32_BIT_CONVERSION = YES;
				GCC_WARN_ABOUT_RETURN_TYPE = YES_ERROR;
				GCC_WARN_UNDECLARED_SELECTOR = YES;
				GCC_WARN_UNINITIALIZED_AUTOS = YES_AGGRESSIVE;
				GCC_WARN_UNUSED_FUNCTION = YES;
				GCC_WARN_UNUSED_VARIABLE = YES;
				IPHONEOS_DEPLOYMENT_TARGET = 7.1;
				ONLY_ACTIVE_ARCH = YES;
				SDKROOT = iphoneos;
			};
			name = Debug;
		};
		D625524C19C65C0C002E3CA1 /* Release */ = {
			isa = XCBuildConfiguration;
			buildSettings = {
				ALWAYS_SEARCH_USER_PATHS = NO;
				CLANG_CXX_LANGUAGE_STANDARD = "gnu++0x";
				CLANG_CXX_LIBRARY = "libc++";
				CLANG_ENABLE_MODULES = YES;
				CLANG_ENABLE_OBJC_ARC = YES;
				CLANG_WARN_BOOL_CONVERSION = YES;
				CLANG_WARN_CONSTANT_CONVERSION = YES;
				CLANG_WARN_DIRECT_OBJC_ISA_USAGE = YES_ERROR;
				CLANG_WARN_EMPTY_BODY = YES;
				CLANG_WARN_ENUM_CONVERSION = YES;
				CLANG_WARN_INT_CONVERSION = YES;
				CLANG_WARN_OBJC_ROOT_CLASS = YES_ERROR;
				CLANG_WARN__DUPLICATE_METHOD_MATCH = YES;
				"CODE_SIGN_IDENTITY[sdk=iphoneos*]" = "iPhone Developer";
				COPY_PHASE_STRIP = YES;
				ENABLE_NS_ASSERTIONS = NO;
				GCC_C_LANGUAGE_STANDARD = gnu99;
				GCC_WARN_64_TO_32_BIT_CONVERSION = YES;
				GCC_WARN_ABOUT_RETURN_TYPE = YES_ERROR;
				GCC_WARN_UNDECLARED_SELECTOR = YES;
				GCC_WARN_UNINITIALIZED_AUTOS = YES_AGGRESSIVE;
				GCC_WARN_UNUSED_FUNCTION = YES;
				GCC_WARN_UNUSED_VARIABLE = YES;
				IPHONEOS_DEPLOYMENT_TARGET = 7.1;
				SDKROOT = iphoneos;
				VALIDATE_PRODUCT = YES;
			};
			name = Release;
		};
		D625524E19C65C0C002E3CA1 /* Debug */ = {
			isa = XCBuildConfiguration;
			buildSettings = {
				ASSETCATALOG_COMPILER_APPICON_NAME = AppIcon;
				ASSETCATALOG_COMPILER_LAUNCHIMAGE_NAME = LaunchImage;
				GCC_PRECOMPILE_PREFIX_HEADER = YES;
				GCC_PREFIX_HEADER = "Hypnosister/Hypnosister-Prefix.pch";
				INFOPLIST_FILE = "Hypnosister/Hypnosister-Info.plist";
				PRODUCT_NAME = "$(TARGET_NAME)";
				WRAPPER_EXTENSION = app;
			};
			name = Debug;
		};
		D625524F19C65C0C002E3CA1 /* Release */ = {
			isa = XCBuildConfiguration;
			buildSettings = {
				ASSETCATALOG_COMPILER_APPICON_NAME = AppIcon;
				ASSETCATALOG_COMPILER_LAUNCHIMAGE_NAME = LaunchImage;
				GCC_PRECOMPILE_PREFIX_HEADER = YES;
				GCC_PREFIX_HEADER = "Hypnosister/Hypnosister-Prefix.pch";
				INFOPLIST_FILE = "Hypnosister/Hypnosister-Info.plist";
				PRODUCT_NAME = "$(TARGET_NAME)";
				WRAPPER_EXTENSION = app;
			};
			name = Release;
		};
		D625525119C65C0C002E3CA1 /* Debug */ = {
			isa = XCBuildConfiguration;
			buildSettings = {
				BUNDLE_LOADER = "$(BUILT_PRODUCTS_DIR)/Hypnosister.app/Hypnosister";
				FRAMEWORK_SEARCH_PATHS = (
					"$(SDKROOT)/Developer/Library/Frameworks",
					"$(inherited)",
					"$(DEVELOPER_FRAMEWORKS_DIR)",
				);
				GCC_PRECOMPILE_PREFIX_HEADER = YES;
				GCC_PREFIX_HEADER = "Hypnosister/Hypnosister-Prefix.pch";
				GCC_PREPROCESSOR_DEFINITIONS = (
					"DEBUG=1",
					"$(inherited)",
				);
				INFOPLIST_FILE = "HypnosisterTests/HypnosisterTests-Info.plist";
				PRODUCT_NAME = "$(TARGET_NAME)";
				TEST_HOST = "$(BUNDLE_LOADER)";
				WRAPPER_EXTENSION = xctest;
			};
			name = Debug;
		};
		D625525219C65C0C002E3CA1 /* Release */ = {
			isa = XCBuildConfiguration;
			buildSettings = {
				BUNDLE_LOADER = "$(BUILT_PRODUCTS_DIR)/Hypnosister.app/Hypnosister";
				FRAMEWORK_SEARCH_PATHS = (
					"$(SDKROOT)/Developer/Library/Frameworks",
					"$(inherited)",
					"$(DEVELOPER_FRAMEWORKS_DIR)",
				);
				GCC_PRECOMPILE_PREFIX_HEADER = YES;
				GCC_PREFIX_HEADER = "Hypnosister/Hypnosister-Prefix.pch";
				INFOPLIST_FILE = "HypnosisterTests/HypnosisterTests-Info.plist";
				PRODUCT_NAME = "$(TARGET_NAME)";
				TEST_HOST = "$(BUNDLE_LOADER)";
				WRAPPER_EXTENSION = xctest;
			};
			name = Release;
		};
/* End XCBuildConfiguration section */

/* Begin XCConfigurationList section */
		D625521C19C65C0C002E3CA1 /* Build configuration list for PBXProject "Hypnosister" */ = {
			isa = XCConfigurationList;
			buildConfigurations = (
				D625524B19C65C0C002E3CA1 /* Debug */,
				D625524C19C65C0C002E3CA1 /* Release */,
			);
			defaultConfigurationIsVisible = 0;
			defaultConfigurationName = Release;
		};
		D625524D19C65C0C002E3CA1 /* Build configuration list for PBXNativeTarget "Hypnosister" */ = {
			isa = XCConfigurationList;
			buildConfigurations = (
				D625524E19C65C0C002E3CA1 /* Debug */,
				D625524F19C65C0C002E3CA1 /* Release */,
			);
			defaultConfigurationIsVisible = 0;
			defaultConfigurationName = Release;
		};
		D625525019C65C0C002E3CA1 /* Build configuration list for PBXNativeTarget "HypnosisterTests" */ = {
			isa = XCConfigurationList;
			buildConfigurations = (
				D625525119C65C0C002E3CA1 /* Debug */,
				D625525219C65C0C002E3CA1 /* Release */,
			);
			defaultConfigurationIsVisible = 0;
			defaultConfigurationName = Release;
		};
/* End XCConfigurationList section */
	};
	rootObject = D625521919C65C0C002E3CA1 /* Project object */;
}
